{
  "nodes": {
    "exporter": {
      "flake": false,
      "locked": {
        "lastModified": 1658851346,
        "narHash": "sha256-ThE3eZfUUX3lW1TqShzhVjbKvjzVHkAzj8WxKLYxBew=",
        "ref": "dev",
        "rev": "413192256f25b03a67e055f891fb9d8d261bd39e",
        "revCount": 5,
        "type": "git",
        "url": "https://source.fetsorn.website/fetsorn/opentelemetry-console-exporter"
      },
      "original": {
        "ref": "dev",
        "type": "git",
        "url": "https://source.fetsorn.website/fetsorn/opentelemetry-console-exporter"
      }
    },
    "flake-utils": {
      "locked": {
        "lastModified": 1656065134,
        "narHash": "sha256-oc6E6ByIw3oJaIyc67maaFcnjYOz1mMcOtHxbEf9NwQ=",
        "owner": "numtide",
        "repo": "flake-utils",
        "rev": "bee6a7250dd1b01844a2de7e02e4df7d8a0a206c",
        "type": "github"
      },
      "original": {
        "owner": "numtide",
        "repo": "flake-utils",
        "type": "github"
      }
    },
    "monorepo": {
      "flake": false,
      "locked": {
        "lastModified": 1658913443,
        "narHash": "sha256-owQrV65Qpet+XB4JBjoh7EtcHNrzQy3Ju0V9LiC87fI=",
        "ref": "fetsorn/tracing",
        "rev": "88d6f7f11ef5e689cc39cb5050a9f75d0c70926a",
        "revCount": 4740,
        "type": "git",
        "url": "https://source.fetsorn.website/fetsorn/monorepo"
      },
      "original": {
        "ref": "fetsorn/tracing",
        "type": "git",
        "url": "https://source.fetsorn.website/fetsorn/monorepo"
      }
    },
    "nixpkgs": {
      "locked": {
        "lastModified": 1658822272,
        "narHash": "sha256-M87AIbje5cNnAy9iP3uoufZFvxooqtJq2ZRXeUeBO44=",
        "owner": "nixos",
        "repo": "nixpkgs",
        "rev": "cc895a46b238e2fb09844583e4566f09060d0f81",
        "type": "github"
      },
      "original": {
        "owner": "nixos",
        "ref": "nixpkgs-unstable",
        "repo": "nixpkgs",
        "type": "github"
      }
    },
    "nixpkgs-nodejs": {
      "locked": {
        "lastModified": 1644265966,
        "narHash": "sha256-aXtSYoeFSVG01MHbPAaI8LuVo3jtRwa+JywMurvGOOo=",
        "owner": "nixos",
        "repo": "nixpkgs",
        "rev": "6d02a514db95d3179f001a5a204595f17b89cb32",
        "type": "github"
      },
      "original": {
        "owner": "nixos",
        "repo": "nixpkgs",
        "rev": "6d02a514db95d3179f001a5a204595f17b89cb32",
        "type": "github"
      }
    },
    "nixpkgs_2": {
      "locked": {
        "lastModified": 1658822272,
        "narHash": "sha256-M87AIbje5cNnAy9iP3uoufZFvxooqtJq2ZRXeUeBO44=",
        "owner": "nixos",
        "repo": "nixpkgs",
        "rev": "cc895a46b238e2fb09844583e4566f09060d0f81",
        "type": "github"
      },
      "original": {
        "owner": "nixos",
        "ref": "nixpkgs-unstable",
        "repo": "nixpkgs",
        "type": "github"
      }
    },
    "polywrap": {
      "inputs": {
        "exporter": "exporter",
        "monorepo": "monorepo",
        "nixpkgs": "nixpkgs_2",
        "nixpkgs-nodejs": "nixpkgs-nodejs",
        "rust-overlay": "rust-overlay"
      },
      "locked": {
        "lastModified": 1658913709,
        "narHash": "sha256-nrL6Kyv6ZXMASGfNBB+28mnf1CsGOJezQDIInUz1o3Y=",
        "ref": "object",
        "rev": "83c1cf954ab1af3a2d61975af43d0a0324d4b65b",
        "revCount": 8,
        "type": "git",
        "url": "https://source.fetsorn.website/fetsorn/polywrap-nix"
      },
      "original": {
        "ref": "object",
        "type": "git",
        "url": "https://source.fetsorn.website/fetsorn/polywrap-nix"
      }
    },
    "root": {
      "inputs": {
        "nixpkgs": "nixpkgs",
        "polywrap": "polywrap"
      }
    },
    "rust-overlay": {
      "inputs": {
        "flake-utils": "flake-utils",
        "nixpkgs": [
          "polywrap",
          "nixpkgs"
        ]
      },
      "locked": {
        "lastModified": 1658890458,
        "narHash": "sha256-czG3asDAqn2PG8HdjOG+6AEqJazkT/tLuuuScYVYYaA=",
        "owner": "oxalica",
        "repo": "rust-overlay",
        "rev": "c6264ea118f0f9f206329cf7ca4848f4162090b5",
        "type": "github"
      },
      "original": {
        "owner": "oxalica",
        "repo": "rust-overlay",
        "type": "github"
      }
    }
  },
  "root": "root",
  "version": 7
}
